
Microsoft Visual Studio Solution File, Format Version 12.00
# Visual Studio Version 17
VisualStudioVersion = 17.14.36414.22 d17.14
MinimumVisualStudioVersion = 10.0.40219.1
Project("{FAE04EC0-301F-11D3-BF4B-00C04F79EFBC}") = "PongV3", "PongV3.csproj", "{091BAE95-A94B-487A-B24D-2C0ECD9B232D}"
EndProject
Global
	GlobalSection(SolutionConfigurationPlatforms) = preSolution
		Debug|Any CPU = Debug|Any CPU
		Release|Any CPU = Release|Any CPU
	EndGlobalSection
	GlobalSection(ProjectConfigurationPlatforms) = postSolution
		{091BAE95-A94B-487A-B24D-2C0ECD9B232D}.Debug|Any CPU.ActiveCfg = Debug|Any CPU
		{091BAE95-A94B-487A-B24D-2C0ECD9B232D}.Debug|Any CPU.Build.0 = Debug|Any CPU
		{091BAE95-A94B-487A-B24D-2C0ECD9B232D}.Release|Any CPU.ActiveCfg = Release|Any CPU
		{091BAE95-A94B-487A-B24D-2C0ECD9B232D}.Release|Any CPU.Build.0 = Release|Any CPU
	EndGlobalSection
	GlobalSection(SolutionProperties) = preSolution
		HideSolutionNode = FALSE
	EndGlobalSection
	GlobalSection(ExtensibilityGlobals) = postSolution
		SolutionGuid = {0EB7AA22-B18B-4EBE-BD84-679702756808}
	EndGlobalSection
EndGlobal
