
Microsoft Visual Studio Solution File, Format Version 12.00
# Visual Studio Version 17
VisualStudioVersion = 17.14.36414.22 d17.14
MinimumVisualStudioVersion = 10.0.40219.1
Project("{FAE04EC0-301F-11D3-BF4B-00C04F79EFBC}") = "CPUpongTB", "CPUpongTB.csproj", "{C483878B-B404-4B9E-B14E-0CA2237D2958}"
EndProject
Global
	GlobalSection(SolutionConfigurationPlatforms) = preSolution
		Debug|Any CPU = Debug|Any CPU
		Release|Any CPU = Release|Any CPU
	EndGlobalSection
	GlobalSection(ProjectConfigurationPlatforms) = postSolution
		{C483878B-B404-4B9E-B14E-0CA2237D2958}.Debug|Any CPU.ActiveCfg = Debug|Any CPU
		{C483878B-B404-4B9E-B14E-0CA2237D2958}.Debug|Any CPU.Build.0 = Debug|Any CPU
		{C483878B-B404-4B9E-B14E-0CA2237D2958}.Release|Any CPU.ActiveCfg = Release|Any CPU
		{C483878B-B404-4B9E-B14E-0CA2237D2958}.Release|Any CPU.Build.0 = Release|Any CPU
	EndGlobalSection
	GlobalSection(SolutionProperties) = preSolution
		HideSolutionNode = FALSE
	EndGlobalSection
	GlobalSection(ExtensibilityGlobals) = postSolution
		SolutionGuid = {E167EF8E-2D46-4A42-9D66-56D52D04390E}
	EndGlobalSection
EndGlobal
